
Microsoft Visual Studio Solution File, Format Version 12.00
# Visual Studio 15
VisualStudioVersion = 15.0.27428.2002
MinimumVisualStudioVersion = 10.0.40219.1
Project("{FAE04EC0-301F-11D3-BF4B-00C04F79EFBC}") = "DBProject", "DBProject.csproj", "{EB22D135-1BB5-43A4-B8EB-C858AA8D9F85}"
EndProject
Global
	GlobalSection(SolutionConfigurationPlatforms) = preSolution
		Debug|Any CPU = Debug|Any CPU
		Release|Any CPU = Release|Any CPU
	EndGlobalSection
	GlobalSection(ProjectConfigurationPlatforms) = postSolution
		{EB22D135-1BB5-43A4-B8EB-C858AA8D9F85}.Debug|Any CPU.ActiveCfg = Debug|Any CPU
		{EB22D135-1BB5-43A4-B8EB-C858AA8D9F85}.Debug|Any CPU.Build.0 = Debug|Any CPU
		{EB22D135-1BB5-43A4-B8EB-C858AA8D9F85}.Release|Any CPU.ActiveCfg = Release|Any CPU
		{EB22D135-1BB5-43A4-B8EB-C858AA8D9F85}.Release|Any CPU.Build.0 = Release|Any CPU
	EndGlobalSection
	GlobalSection(SolutionProperties) = preSolution
		HideSolutionNode = FALSE
	EndGlobalSection
	GlobalSection(ExtensibilityGlobals) = postSolution
		SolutionGuid = {72336763-006D-4810-81D6-28E462D0DBA8}
	EndGlobalSection
EndGlobal
